lockfileVersion: '9.0'

settings:
  autoInstallPeers: true
  excludeLinksFromLockfile: false

importers:

  .:
    devDependencies:
      '@biomejs/biome':
        specifier: ^1.9.4
        version: 1.9.4
      typescript:
        specifier: ^5.8.3
        version: 5.8.3

  packages/recoil:
    dependencies:
      oxc-walker:
        specifier: ^0.2.4
        version: 0.2.4(oxc-parser@0.63.0)

packages:

  '@biomejs/biome@1.9.4':
    resolution: {integrity: sha512-1rkd7G70+o9KkTn5KLmDYXihGoTaIGO9PIIN2ZB7UJxFrWw04CZHPYiMRjYsaDvVV7hP1dYNRLxSANLaBFGpog==}
    engines: {node: '>=14.21.3'}
    hasBin: true

  '@biomejs/cli-darwin-arm64@1.9.4':
    resolution: {integrity: sha512-bFBsPWrNvkdKrNCYeAp+xo2HecOGPAy9WyNyB/jKnnedgzl4W4Hb9ZMzYNbf8dMCGmUdSavlYHiR01QaYR58cw==}
    engines: {node: '>=14.21.3'}
    cpu: [arm64]
    os: [darwin]

  '@biomejs/cli-darwin-x64@1.9.4':
    resolution: {integrity: sha512-ngYBh/+bEedqkSevPVhLP4QfVPCpb+4BBe2p7Xs32dBgs7rh9nY2AIYUL6BgLw1JVXV8GlpKmb/hNiuIxfPfZg==}
    engines: {node: '>=14.21.3'}
    cpu: [x64]
    os: [darwin]

  '@biomejs/cli-linux-arm64-musl@1.9.4':
    resolution: {integrity: sha512-v665Ct9WCRjGa8+kTr0CzApU0+XXtRgwmzIf1SeKSGAv+2scAlW6JR5PMFo6FzqqZ64Po79cKODKf3/AAmECqA==}
    engines: {node: '>=14.21.3'}
    cpu: [arm64]
    os: [linux]

  '@biomejs/cli-linux-arm64@1.9.4':
    resolution: {integrity: sha512-fJIW0+LYujdjUgJJuwesP4EjIBl/N/TcOX3IvIHJQNsAqvV2CHIogsmA94BPG6jZATS4Hi+xv4SkBBQSt1N4/g==}
    engines: {node: '>=14.21.3'}
    cpu: [arm64]
    os: [linux]

  '@biomejs/cli-linux-x64-musl@1.9.4':
    resolution: {integrity: sha512-gEhi/jSBhZ2m6wjV530Yy8+fNqG8PAinM3oV7CyO+6c3CEh16Eizm21uHVsyVBEB6RIM8JHIl6AGYCv6Q6Q9Tg==}
    engines: {node: '>=14.21.3'}
    cpu: [x64]
    os: [linux]

  '@biomejs/cli-linux-x64@1.9.4':
    resolution: {integrity: sha512-lRCJv/Vi3Vlwmbd6K+oQ0KhLHMAysN8lXoCI7XeHlxaajk06u7G+UsFSO01NAs5iYuWKmVZjmiOzJ0OJmGsMwg==}
    engines: {node: '>=14.21.3'}
    cpu: [x64]
    os: [linux]

  '@biomejs/cli-win32-arm64@1.9.4':
    resolution: {integrity: sha512-tlbhLk+WXZmgwoIKwHIHEBZUwxml7bRJgk0X2sPyNR3S93cdRq6XulAZRQJ17FYGGzWne0fgrXBKpl7l4M87Hg==}
    engines: {node: '>=14.21.3'}
    cpu: [arm64]
    os: [win32]

  '@biomejs/cli-win32-x64@1.9.4':
    resolution: {integrity: sha512-8Y5wMhVIPaWe6jw2H+KlEm4wP/f7EW3810ZLmDlrEEy5KvBsb9ECEfu/kMWD484ijfQ8+nIi0giMgu9g1UAuuA==}
    engines: {node: '>=14.21.3'}
    cpu: [x64]
    os: [win32]

  '@emnapi/core@1.4.1':
    resolution: {integrity: sha512-4JFstCTaToCFrPqrGzgkF8N2NHjtsaY4uRh6brZQ5L9e4wbMieX8oDT8N7qfVFTQecHFEtkj4ve49VIZ3mKVqw==}

  '@emnapi/runtime@1.4.1':
    resolution: {integrity: sha512-LMshMVP0ZhACNjQNYXiU1iZJ6QCcv0lUdPDPugqGvCGXt5xtRVBPdtA0qU12pEXZzpWAhWlZYptfdAFq10DOVQ==}

  '@emnapi/wasi-threads@1.0.1':
    resolution: {integrity: sha512-iIBu7mwkq4UQGeMEM8bLwNK962nXdhodeScX4slfQnRhEMMzvYivHhutCIk8uojvmASXXPC2WNEjwxFWk72Oqw==}

  '@jridgewell/sourcemap-codec@1.5.0':
    resolution: {integrity: sha512-gv3ZRaISU3fjPAgNsriBRqGWQL6quFx04YMPW/zD8XMLsU32mhCCbfbO6KZFLjvYpCZ8zyDEgqsgf+PwPaM7GQ==}

  '@napi-rs/wasm-runtime@0.2.8':
    resolution: {integrity: sha512-OBlgKdX7gin7OIq4fadsjpg+cp2ZphvAIKucHsNfTdJiqdOmOEwQd/bHi0VwNrcw5xpBJyUw6cK/QilCqy1BSg==}

  '@oxc-parser/binding-darwin-arm64@0.63.0':
    resolution: {integrity: sha512-A1WyN+JZKSdI0CS5kay4JByBDUVGKZklVgPMzINKnGD6kGgc94QBEfYKa+So4nprCjpR/JV2Rcg1Gv5Gsxd6kg==}
    engines: {node: '>=14.0.0'}
    cpu: [arm64]
    os: [darwin]

  '@oxc-parser/binding-darwin-x64@0.63.0':
    resolution: {integrity: sha512-gJlWpD1NwSOD7BzKSPiioTUgVo0Y2vMDnEkKyhX1wKERVuBFhObMsfJJ6YSK8MOz8HJMulSjfE0euwXCrgeTGA==}
    engines: {node: '>=14.0.0'}
    cpu: [x64]
    os: [darwin]

  '@oxc-parser/binding-linux-arm-gnueabihf@0.63.0':
    resolution: {integrity: sha512-xdKXY7Q8xKGyjZ/bkYYutqmDAFWfvXWVoLzCgZ+BP7iXqwRFKCvASIm7taZ9XXmWiI8z80HaV/V1tu7ecznNnw==}
    engines: {node: '>=14.0.0'}
    cpu: [arm]
    os: [linux]

  '@oxc-parser/binding-linux-arm64-gnu@0.63.0':
    resolution: {integrity: sha512-D2NIiU5tmeS5OFqLNYEtbaCkNzkoIBCsbiYCal31fPmH1Q4ePC2DQtgJ+127dARZaUDVB+aPkRuuRPUPVMga7w==}
    engines: {node: '>=14.0.0'}
    cpu: [arm64]
    os: [linux]

  '@oxc-parser/binding-linux-arm64-musl@0.63.0':
    resolution: {integrity: sha512-A8QosGcHXt8x/7fxHMygytJLqiMesX60tXnrXUK+41GIEv0lzwjiugzOAG3om9+O/reVvh1S5BI3uGvr/Tp3pA==}
    engines: {node: '>=14.0.0'}
    cpu: [arm64]
    os: [linux]

  '@oxc-parser/binding-linux-x64-gnu@0.63.0':
    resolution: {integrity: sha512-ZuM+UZW8VIf9fPqi7Th4ffWt622iyPD14aDQpCwk/fZfKsKWYY25Nv94p4te4dWhtRg122urTu4k2b12vorR8w==}
    engines: {node: '>=14.0.0'}
    cpu: [x64]
    os: [linux]

  '@oxc-parser/binding-linux-x64-musl@0.63.0':
    resolution: {integrity: sha512-WVKm04d8Q2+OQOq4w0djqWh+Qr3v+VC3fshQAxEZ9xhKBqcStTQZ1B7Wt58S0lfgk2dmjJfrE3YmewS8O+0LFw==}
    engines: {node: '>=14.0.0'}
    cpu: [x64]
    os: [linux]

  '@oxc-parser/binding-wasm32-wasi@0.63.0':
    resolution: {integrity: sha512-2LaFgfg6OfolsE8/JXg8sMc114bE+2zi2L0XnMQODhAUre/MoKm6DY6VX4bDFkAtupMaVJ03KgRfmowVDVNAVg==}
    engines: {node: '>=14.0.0'}
    cpu: [wasm32]

  '@oxc-parser/binding-win32-arm64-msvc@0.63.0':
    resolution: {integrity: sha512-tVYhlRYj1j1MwhrlJ7hp9TVwTAJRlayAQ/+hzILSwFcjztVw/33tZwoEq3LydZhscsiKNANyA9s1ztrP4QOZ5g==}
    engines: {node: '>=14.0.0'}
    cpu: [arm64]
    os: [win32]

  '@oxc-parser/binding-win32-x64-msvc@0.63.0':
    resolution: {integrity: sha512-0o52Mp2slTzynpP1dcqemDmQQmCs/phBdwJa6JERqdI1IKdp8+Xa39rEsDqQo3IISsXUDhd68hZBWmwayCsPrA==}
    engines: {node: '>=14.0.0'}
    cpu: [x64]
    os: [win32]

  '@oxc-project/types@0.63.0':
    resolution: {integrity: sha512-2tIGBdm0mOMMo3AUVdXyZUORDbWTnt4XVOKeNdcPtxtb39SgyF/ek2QV7DJ9BAV5TWYYis6BuY5SqrAp+PHRgQ==}

  '@tybys/wasm-util@0.9.0':
    resolution: {integrity: sha512-6+7nlbMVX/PVDCwaIQ8nTOPveOcFLSt8GcXdx8hD0bt39uWxYT88uXzqTd4fTvqta7oeUJqudepapKNt2DYJFw==}

  '@types/estree@1.0.7':
    resolution: {integrity: sha512-w28IoSUCJpidD/TGviZwwMJckNESJZXFu7NBZ5YJ4mEUnNraUn9Pm8HSZm/jDF1pDWYKspWE7oVphigUPRakIQ==}

  acorn@8.14.1:
    resolution: {integrity: sha512-OvQ/2pUDKmgfCg++xsTX1wGxfTaszcHVcTctW4UJB4hibJx2HXxxO5UmVgyjMa+ZDsiaf5wWLXYpRWMmBI0QHg==}
    engines: {node: '>=0.4.0'}
    hasBin: true

  confbox@0.1.8:
    resolution: {integrity: sha512-RMtmw0iFkeR4YV+fUOSucriAQNb9g8zFR52MWCtl+cCZOFRNL6zeB395vPzFhEjjn4fMxXudmELnl/KF/WrK6w==}

  estree-walker@3.0.3:
    resolution: {integrity: sha512-7RUKfXgSMMkzt6ZuXmqapOurLGPPfgj6l9uRZ7lRGolvk0y2yocc35LdcxKC5PQZdn2DMqioAQ2NoWcrTKmm6g==}

  magic-regexp@0.8.0:
    resolution: {integrity: sha512-lOSLWdE156csDYwCTIGiAymOLN7Epu/TU5e/oAnISZfU6qP+pgjkE+xbVjVn3yLPKN8n1G2yIAYTAM5KRk6/ow==}

  magic-string@0.30.17:
    resolution: {integrity: sha512-sNPKHvyjVf7gyjwS4xGTaW/mCnF8wnjtifKBEhxfZ7E/S8tQ0rssrwGNn6q8JH/ohItJfSQp9mBtQYuTlH5QnA==}

  mlly@1.7.4:
    resolution: {integrity: sha512-qmdSIPC4bDJXgZTCR7XosJiNKySV7O215tsPtDN9iEO/7q/76b/ijtgRu/+epFXSJhijtTCCGp3DWS549P3xKw==}

  oxc-parser@0.63.0:
    resolution: {integrity: sha512-wsSqdyAZdM02zOvCexJhnkIRUzXuC/0+3iR8dxso54OhIAjW5bNecr8APkwWWNdGrZjipybvnGGP7o2itUN0KA==}
    engines: {node: '>=14.0.0'}

  oxc-walker@0.2.4:
    resolution: {integrity: sha512-4xCK5VcCM836M0Mpwok8IXdkP+9wz2U4oHsqN/VmaVEjestH0sinlZmDThzuBV3jpv+AVGXlWVv1aFQXqFfhYw==}
    peerDependencies:
      oxc-parser: '>=0.63.0'

  pathe@2.0.3:
    resolution: {integrity: sha512-WUjGcAqP1gQacoQe+OBJsFA7Ld4DyXuUIjZ5cc75cLHvJ7dtNsTugphxIADwspS+AraAUePCKrSVtPLFj/F88w==}

  pkg-types@1.3.1:
    resolution: {integrity: sha512-/Jm5M4RvtBFVkKWRu2BLUTNP8/M2a+UwuAX+ae4770q1qVGtfjG+WTCupoZixokjmHiry8uI+dlY8KXYV5HVVQ==}

  regexp-tree@0.1.27:
    resolution: {integrity: sha512-iETxpjK6YoRWJG5o6hXLwvjYAoW+FEZn9os0PD/b6AP6xQwsa/Y7lCVgIixBbUPMfhu+i2LtdeAqVTgGlQarfA==}
    hasBin: true

  tslib@2.8.1:
    resolution: {integrity: sha512-oJFu94HQb+KVduSUQL7wnpmqnfmLsOA/nAh6b6EH0wCEoK0/mPeXU6c3wKDV83MkOuHPRHtSXKKU99IBazS/2w==}

  type-level-regexp@0.1.17:
    resolution: {integrity: sha512-wTk4DH3cxwk196uGLK/E9pE45aLfeKJacKmcEgEOA/q5dnPGNxXt0cfYdFxb57L+sEpf1oJH4Dnx/pnRcku9jg==}

  typescript@5.8.3:
    resolution: {integrity: sha512-p1diW6TqL9L07nNxvRMM7hMMw4c5XOo/1ibL4aAIGmSAt9slTE1Xgw5KWuof2uTOvCg9BY7ZRi+GaF+7sfgPeQ==}
    engines: {node: '>=14.17'}
    hasBin: true

  ufo@1.6.1:
    resolution: {integrity: sha512-9a4/uxlTWJ4+a5i0ooc1rU7C7YOw3wT+UGqdeNNHWnOF9qcMBgLRS+4IYUqbczewFx4mLEig6gawh7X6mFlEkA==}

  unplugin@1.16.1:
    resolution: {integrity: sha512-4/u/j4FrCKdi17jaxuJA0jClGxB1AvU2hw/IuayPc4ay1XGaJs/rbb4v5WKwAjNifjmXK9PIFyuPiaK8azyR9w==}
    engines: {node: '>=14.0.0'}

  webpack-virtual-modules@0.6.2:
    resolution: {integrity: sha512-66/V2i5hQanC51vBQKPH4aI8NMAcBW59FVBs+rC7eGHupMyfn34q7rZIE+ETlJ+XTevqfUhVVBgSUNSW2flEUQ==}

snapshots:

  '@biomejs/biome@1.9.4':
    optionalDependencies:
      '@biomejs/cli-darwin-arm64': 1.9.4
      '@biomejs/cli-darwin-x64': 1.9.4
      '@biomejs/cli-linux-arm64': 1.9.4
      '@biomejs/cli-linux-arm64-musl': 1.9.4
      '@biomejs/cli-linux-x64': 1.9.4
      '@biomejs/cli-linux-x64-musl': 1.9.4
      '@biomejs/cli-win32-arm64': 1.9.4
      '@biomejs/cli-win32-x64': 1.9.4

  '@biomejs/cli-darwin-arm64@1.9.4':
    optional: true

  '@biomejs/cli-darwin-x64@1.9.4':
    optional: true

  '@biomejs/cli-linux-arm64-musl@1.9.4':
    optional: true

  '@biomejs/cli-linux-arm64@1.9.4':
    optional: true

  '@biomejs/cli-linux-x64-musl@1.9.4':
    optional: true

  '@biomejs/cli-linux-x64@1.9.4':
    optional: true

  '@biomejs/cli-win32-arm64@1.9.4':
    optional: true

  '@biomejs/cli-win32-x64@1.9.4':
    optional: true

  '@emnapi/core@1.4.1':
    dependencies:
      '@emnapi/wasi-threads': 1.0.1
      tslib: 2.8.1
    optional: true

  '@emnapi/runtime@1.4.1':
    dependencies:
      tslib: 2.8.1
    optional: true

  '@emnapi/wasi-threads@1.0.1':
    dependencies:
      tslib: 2.8.1
    optional: true

  '@jridgewell/sourcemap-codec@1.5.0': {}

  '@napi-rs/wasm-runtime@0.2.8':
    dependencies:
      '@emnapi/core': 1.4.1
      '@emnapi/runtime': 1.4.1
      '@tybys/wasm-util': 0.9.0
    optional: true

  '@oxc-parser/binding-darwin-arm64@0.63.0':
    optional: true

  '@oxc-parser/binding-darwin-x64@0.63.0':
    optional: true

  '@oxc-parser/binding-linux-arm-gnueabihf@0.63.0':
    optional: true

  '@oxc-parser/binding-linux-arm64-gnu@0.63.0':
    optional: true

  '@oxc-parser/binding-linux-arm64-musl@0.63.0':
    optional: true

  '@oxc-parser/binding-linux-x64-gnu@0.63.0':
    optional: true

  '@oxc-parser/binding-linux-x64-musl@0.63.0':
    optional: true

  '@oxc-parser/binding-wasm32-wasi@0.63.0':
    dependencies:
      '@napi-rs/wasm-runtime': 0.2.8
    optional: true

  '@oxc-parser/binding-win32-arm64-msvc@0.63.0':
    optional: true

  '@oxc-parser/binding-win32-x64-msvc@0.63.0':
    optional: true

  '@oxc-project/types@0.63.0': {}

  '@tybys/wasm-util@0.9.0':
    dependencies:
      tslib: 2.8.1
    optional: true

  '@types/estree@1.0.7': {}

  acorn@8.14.1: {}

  confbox@0.1.8: {}

  estree-walker@3.0.3:
    dependencies:
      '@types/estree': 1.0.7

  magic-regexp@0.8.0:
    dependencies:
      estree-walker: 3.0.3
      magic-string: 0.30.17
      mlly: 1.7.4
      regexp-tree: 0.1.27
      type-level-regexp: 0.1.17
      ufo: 1.6.1
      unplugin: 1.16.1

  magic-string@0.30.17:
    dependencies:
      '@jridgewell/sourcemap-codec': 1.5.0

  mlly@1.7.4:
    dependencies:
      acorn: 8.14.1
      pathe: 2.0.3
      pkg-types: 1.3.1
      ufo: 1.6.1

  oxc-parser@0.63.0:
    dependencies:
      '@oxc-project/types': 0.63.0
    optionalDependencies:
      '@oxc-parser/binding-darwin-arm64': 0.63.0
      '@oxc-parser/binding-darwin-x64': 0.63.0
      '@oxc-parser/binding-linux-arm-gnueabihf': 0.63.0
      '@oxc-parser/binding-linux-arm64-gnu': 0.63.0
      '@oxc-parser/binding-linux-arm64-musl': 0.63.0
      '@oxc-parser/binding-linux-x64-gnu': 0.63.0
      '@oxc-parser/binding-linux-x64-musl': 0.63.0
      '@oxc-parser/binding-wasm32-wasi': 0.63.0
      '@oxc-parser/binding-win32-arm64-msvc': 0.63.0
      '@oxc-parser/binding-win32-x64-msvc': 0.63.0

  oxc-walker@0.2.4(oxc-parser@0.63.0):
    dependencies:
      estree-walker: 3.0.3
      magic-regexp: 0.8.0
      oxc-parser: 0.63.0

  pathe@2.0.3: {}

  pkg-types@1.3.1:
    dependencies:
      confbox: 0.1.8
      mlly: 1.7.4
      pathe: 2.0.3

  regexp-tree@0.1.27: {}

  tslib@2.8.1:
    optional: true

  type-level-regexp@0.1.17: {}

  typescript@5.8.3: {}

  ufo@1.6.1: {}

  unplugin@1.16.1:
    dependencies:
      acorn: 8.14.1
      webpack-virtual-modules: 0.6.2

  webpack-virtual-modules@0.6.2: {}
